// !$*UTF8*$!
{
	archiveVersion = 1;
	classes = {
	};
	objectVersion = 50;
	objects = {

/* Begin PBXBuildFile section */
		671515A9262E54C7001C0C78 /* ArenaViewController.swift in Sources */ = {isa = PBXBuildFile; fileRef = 671515A8262E54C7001C0C78 /* ArenaViewController.swift */; };
		672DBE24262BFF8C0044CDFD /* CCViewController.swift in Sources */ = {isa = PBXBuildFile; fileRef = 672DBE23262BFF8C0044CDFD /* CCViewController.swift */; };
		67B280E226277D4200AD7475 /* AboutViewController.swift in Sources */ = {isa = PBXBuildFile; fileRef = 67B280E126277D4200AD7475 /* AboutViewController.swift */; };
		67B564F42630D5B100248D82 /* ArenaStuff.swift in Sources */ = {isa = PBXBuildFile; fileRef = 67B564F32630D5B100248D82 /* ArenaStuff.swift */; };
		67F917DB26275C490014FADA /* AppDelegate.swift in Sources */ = {isa = PBXBuildFile; fileRef = 67F917DA26275C490014FADA /* AppDelegate.swift */; };
		67F917DD26275C490014FADA /* ViewController.swift in Sources */ = {isa = PBXBuildFile; fileRef = 67F917DC26275C490014FADA /* ViewController.swift */; };
		67F917E026275C490014FADA /* Main.storyboard in Resources */ = {isa = PBXBuildFile; fileRef = 67F917DE26275C490014FADA /* Main.storyboard */; };
		67F917E226275C4B0014FADA /* Assets.xcassets in Resources */ = {isa = PBXBuildFile; fileRef = 67F917E126275C4B0014FADA /* Assets.xcassets */; };
		67F917E526275C4B0014FADA /* LaunchScreen.storyboard in Resources */ = {isa = PBXBuildFile; fileRef = 67F917E326275C4B0014FADA /* LaunchScreen.storyboard */; };
/* End PBXBuildFile section */

/* Begin PBXFileReference section */
		671515A8262E54C7001C0C78 /* ArenaViewController.swift */ = {isa = PBXFileReference; lastKnownFileType = sourcecode.swift; path = ArenaViewController.swift; sourceTree = "<group>"; };
		672DBE23262BFF8C0044CDFD /* CCViewController.swift */ = {isa = PBXFileReference; lastKnownFileType = sourcecode.swift; path = CCViewController.swift; sourceTree = "<group>"; };
		67B280E126277D4200AD7475 /* AboutViewController.swift */ = {isa = PBXFileReference; lastKnownFileType = sourcecode.swift; path = AboutViewController.swift; sourceTree = "<group>"; };
		67B564F32630D5B100248D82 /* ArenaStuff.swift */ = {isa = PBXFileReference; lastKnownFileType = sourcecode.swift; path = ArenaStuff.swift; sourceTree = "<group>"; };
		67F917D726275C490014FADA /* FinalProject.app */ = {isa = PBXFileReference; explicitFileType = wrapper.application; includeInIndex = 0; path = FinalProject.app; sourceTree = BUILT_PRODUCTS_DIR; };
		67F917DA26275C490014FADA /* AppDelegate.swift */ = {isa = PBXFileReference; lastKnownFileType = sourcecode.swift; path = AppDelegate.swift; sourceTree = "<group>"; };
		67F917DC26275C490014FADA /* ViewController.swift */ = {isa = PBXFileReference; lastKnownFileType = sourcecode.swift; path = ViewController.swift; sourceTree = "<group>"; };
		67F917DF26275C490014FADA /* Base */ = {isa = PBXFileReference; lastKnownFileType = file.storyboard; name = Base; path = Base.lproj/Main.storyboard; sourceTree = "<group>"; };
		67F917E126275C4B0014FADA /* Assets.xcassets */ = {isa = PBXFileReference; lastKnownFileType = folder.assetcatalog; path = Assets.xcassets; sourceTree = "<group>"; };
		67F917E426275C4B0014FADA /* Base */ = {isa = PBXFileReference; lastKnownFileType = file.storyboard; name = Base; path = Base.lproj/LaunchScreen.storyboard; sourceTree = "<group>"; };
		67F917E626275C4B0014FADA /* Info.plist */ = {isa = PBXFileReference; lastKnownFileType = text.plist.xml; path = Info.plist; sourceTree = "<group>"; };
/* End PBXFileReference section */

/* Begin PBXFrameworksBuildPhase section */
		67F917D426275C490014FADA /* Frameworks */ = {
			isa = PBXFrameworksBuildPhase;
			buildActionMask = 2147483647;
			files = (
			);
			runOnlyForDeploymentPostprocessing = 0;
		};
/* End PBXFrameworksBuildPhase section */

/* Begin PBXGroup section */
		67F917CE26275C480014FADA = {
			isa = PBXGroup;
			children = (
				67F917D926275C490014FADA /* FinalProject */,
				67F917D826275C490014FADA /* Products */,
			);
			sourceTree = "<group>";
		};
		67F917D826275C490014FADA /* Products */ = {
			isa = PBXGroup;
			children = (
				67F917D726275C490014FADA /* FinalProject.app */,
			);
			name = Products;
			sourceTree = "<group>";
		};
		67F917D926275C490014FADA /* FinalProject */ = {
			isa = PBXGroup;
			children = (
				67F917DA26275C490014FADA /* AppDelegate.swift */,
				67F917DC26275C490014FADA /* ViewController.swift */,
				67F917DE26275C490014FADA /* Main.storyboard */,
				67F917E126275C4B0014FADA /* Assets.xcassets */,
				67F917E326275C4B0014FADA /* LaunchScreen.storyboard */,
				67F917E626275C4B0014FADA /* Info.plist */,
				672DBE23262BFF8C0044CDFD /* CCViewController.swift */,
				67B280E126277D4200AD7475 /* AboutViewController.swift */,
				671515A8262E54C7001C0C78 /* ArenaViewController.swift */,
				67B564F32630D5B100248D82 /* ArenaStuff.swift */,
			);
			path = FinalProject;
			sourceTree = "<group>";
		};
/* End PBXGroup section */

/* Begin PBXNativeTarget section */
		67F917D626275C490014FADA /* FinalProject */ = {
			isa = PBXNativeTarget;
			buildConfigurationList = 67F917E926275C4B0014FADA /* Build configuration list for PBXNativeTarget "FinalProject" */;
			buildPhases = (
				67F917D326275C490014FADA /* Sources */,
				67F917D426275C490014FADA /* Frameworks */,
				67F917D526275C490014FADA /* Resources */,
			);
			buildRules = (
			);
			dependencies = (
			);
			name = FinalProject;
			productName = FinalProject;
			productReference = 67F917D726275C490014FADA /* FinalProject.app */;
			productType = "com.apple.product-type.application";
		};
/* End PBXNativeTarget section */

/* Begin PBXProject section */
		67F917CF26275C480014FADA /* Project object */ = {
			isa = PBXProject;
			attributes = {
				LastSwiftUpdateCheck = 0930;
				LastUpgradeCheck = 0930;
				ORGANIZATIONNAME = "Kevin Durham";
				TargetAttributes = {
					67F917D626275C490014FADA = {
						CreatedOnToolsVersion = 9.3;
					};
				};
			};
			buildConfigurationList = 67F917D226275C480014FADA /* Build configuration list for PBXProject "FinalProject" */;
			compatibilityVersion = "Xcode 9.3";
			developmentRegion = en;
			hasScannedForEncodings = 0;
			knownRegions = (
				en,
				Base,
			);
			mainGroup = 67F917CE26275C480014FADA;
			productRefGroup = 67F917D826275C490014FADA /* Products */;
			projectDirPath = "";
			projectRoot = "";
			targets = (
				67F917D626275C490014FADA /* FinalProject */,
			);
		};
/* End PBXProject section */

/* Begin PBXResourcesBuildPhase section */
		67F917D526275C490014FADA /* Resources */ = {
			isa = PBXResourcesBuildPhase;
			buildActionMask = 2147483647;
			files = (
				67F917E526275C4B0014FADA /* LaunchScreen.storyboard in Resources */,
				67F917E226275C4B0014FADA /* Assets.xcassets in Resources */,
				67F917E026275C490014FADA /* Main.storyboard in Resources */,
			);
			runOnlyForDeploymentPostprocessing = 0;
		};
/* End PBXResourcesBuildPhase section */

/* Begin PBXSourcesBuildPhase section */
		67F917D326275C490014FADA /* Sources */ = {
			isa = PBXSourcesBuildPhase;
			buildActionMask = 2147483647;
			files = (
				671515A9262E54C7001C0C78 /* ArenaViewController.swift in Sources */,
				67B280E226277D4200AD7475 /* AboutViewController.swift in Sources */,
				67B564F42630D5B100248D82 /* ArenaStuff.swift in Sources */,
				67F917DD26275C490014FADA /* ViewController.swift in Sources */,
				672DBE24262BFF8C0044CDFD /* CCViewController.swift in Sources */,
				67F917DB26275C490014FADA /* AppDelegate.swift in Sources */,
			);
			runOnlyForDeploymentPostprocessing = 0;
		};
/* End PBXSourcesBuildPhase section */

/* Begin PBXVariantGroup section */
		67F917DE26275C490014FADA /* Main.storyboard */ = {
			isa = PBXVariantGroup;
			children = (
				67F917DF26275C490014FADA /* Base */,
			);
			name = Main.storyboard;
			sourceTree = "<group>";
		};
		67F917E326275C4B0014FADA /* LaunchScreen.storyboard */ = {
			isa = PBXVariantGroup;
			children = (
				67F917E426275C4B0014FADA /* Base */,
			);
			name = LaunchScreen.storyboard;
			sourceTree = "<group>";
		};
/* End PBXVariantGroup section */

/* Begin XCBuildConfiguration section */
		67F917E726275C4B0014FADA /* Debug */ = {
			isa = XCBuildConfiguration;
			buildSettings = {
				ALWAYS_SEARCH_USER_PATHS = NO;
				CLANG_ANALYZER_NONNULL = YES;
				CLANG_ANALYZER_NUMBER_OBJECT_CONVERSION = YES_AGGRESSIVE;
				CLANG_CXX_LANGUAGE_STANDARD = "gnu++14";
				CLANG_CXX_LIBRARY = "libc++";
				CLANG_ENABLE_MODULES = YES;
				CLANG_ENABLE_OBJC_ARC = YES;
				CLANG_ENABLE_OBJC_WEAK = YES;
				CLANG_WARN_BLOCK_CAPTURE_AUTORELEASING = YES;
				CLANG_WARN_BOOL_CONVERSION = YES;
				CLANG_WARN_COMMA = YES;
				CLANG_WARN_CONSTANT_CONVERSION = YES;
				CLANG_WARN_DEPRECATED_OBJC_IMPLEMENTATIONS = YES;
				CLANG_WARN_DIRECT_OBJC_ISA_USAGE = YES_ERROR;
				CLANG_WARN_DOCUMENTATION_COMMENTS = YES;
				CLANG_WARN_EMPTY_BODY = YES;
				CLANG_WARN_ENUM_CONVERSION = YES;
				CLANG_WARN_INFINITE_RECURSION = YES;
				CLANG_WARN_INT_CONVERSION = YES;
				CLANG_WARN_NON_LITERAL_NULL_CONVERSION = YES;
				CLANG_WARN_OBJC_IMPLICIT_RETAIN_SELF = YES;
				CLANG_WARN_OBJC_LITERAL_CONVERSION = YES;
				CLANG_WARN_OBJC_ROOT_CLASS = YES_ERROR;
				CLANG_WARN_RANGE_LOOP_ANALYSIS = YES;
				CLANG_WARN_STRICT_PROTOTYPES = YES;
				CLANG_WARN_SUSPICIOUS_MOVE = YES;
				CLANG_WARN_UNGUARDED_AVAILABILITY = YES_AGGRESSIVE;
				CLANG_WARN_UNREACHABLE_CODE = YES;
				CLANG_WARN__DUPLICATE_METHOD_MATCH = YES;
				CODE_SIGN_IDENTITY = "iPhone Developer";
				COPY_PHASE_STRIP = NO;
				DEBUG_INFORMATION_FORMAT = dwarf;
				ENABLE_STRICT_OBJC_MSGSEND = YES;
				ENABLE_TESTABILITY = YES;
				GCC_C_LANGUAGE_STANDARD = gnu11;
				GCC_DYNAMIC_NO_PIC = NO;
				GCC_NO_COMMON_BLOCKS = YES;
				GCC_OPTIMIZATION_LEVEL = 0;
				GCC_PREPROCESSOR_DEFINITIONS = (
					"DEBUG=1",
					"$(inherited)",
				);
				GCC_WARN_64_TO_32_BIT_CONVERSION = YES;
				GCC_WARN_ABOUT_RETURN_TYPE = YES_ERROR;
				GCC_WARN_UNDECLARED_SELECTOR = YES;
				GCC_WARN_UNINITIALIZED_AUTOS = YES_AGGRESSIVE;
				GCC_WARN_UNUSED_FUNCTION = YES;
				GCC_WARN_UNUSED_VARIABLE = YES;
				IPHONEOS_DEPLOYMENT_TARGET = 11.3;
				MTL_ENABLE_DEBUG_INFO = YES;
				ONLY_ACTIVE_ARCH = YES;
				SDKROOT = iphoneos;
				SWIFT_ACTIVE_COMPILATION_CONDITIONS = DEBUG;
				SWIFT_OPTIMIZATION_LEVEL = "-Onone";
			};
			name = Debug;
		};
		67F917E826275C4B0014FADA /* Release */ = {
			isa = XCBuildConfiguration;
			buildSettings = {
				ALWAYS_SEARCH_USER_PATHS = NO;
				CLANG_ANALYZER_NONNULL = YES;
				CLANG_ANALYZER_NUMBER_OBJECT_CONVERSION = YES_AGGRESSIVE;
				CLANG_CXX_LANGUAGE_STANDARD = "gnu++14";
				CLANG_CXX_LIBRARY = "libc++";
				CLANG_ENABLE_MODULES = YES;
				CLANG_ENABLE_OBJC_ARC = YES;
				CLANG_ENABLE_OBJC_WEAK = YES;
				CLANG_WARN_BLOCK_CAPTURE_AUTORELEASING = YES;
				CLANG_WARN_BOOL_CONVERSION = YES;
				CLANG_WARN_COMMA = YES;
				CLANG_WARN_CONSTANT_CONVERSION = YES;
				CLANG_WARN_DEPRECATED_OBJC_IMPLEMENTATIONS = YES;
				CLANG_WARN_DIRECT_OBJC_ISA_USAGE = YES_ERROR;
				CLANG_WARN_DOCUMENTATION_COMMENTS = YES;
				CLANG_WARN_EMPTY_BODY = YES;
				CLANG_WARN_ENUM_CONVERSION = YES;
				CLANG_WARN_INFINITE_RECURSION = YES;
				CLANG_WARN_INT_CONVERSION = YES;
				CLANG_WARN_NON_LITERAL_NULL_CONVERSION = YES;
				CLANG_WARN_OBJC_IMPLICIT_RETAIN_SELF = YES;
				CLANG_WARN_OBJC_LITERAL_CONVERSION = YES;
				CLANG_WARN_OBJC_ROOT_CLASS = YES_ERROR;
				CLANG_WARN_RANGE_LOOP_ANALYSIS = YES;
				CLANG_WARN_STRICT_PROTOTYPES = YES;
				CLANG_WARN_SUSPICIOUS_MOVE = YES;
				CLANG_WARN_UNGUARDED_AVAILABILITY = YES_AGGRESSIVE;
				CLANG_WARN_UNREACHABLE_CODE = YES;
				CLANG_WARN__DUPLICATE_METHOD_MATCH = YES;
				CODE_SIGN_IDENTITY = "iPhone Developer";
				COPY_PHASE_STRIP = NO;
				DEBUG_INFORMATION_FORMAT = "dwarf-with-dsym";
				ENABLE_NS_ASSERTIONS = NO;
				ENABLE_STRICT_OBJC_MSGSEND = YES;
				GCC_C_LANGUAGE_STANDARD = gnu11;
				GCC_NO_COMMON_BLOCKS = YES;
				GCC_WARN_64_TO_32_BIT_CONVERSION = YES;
				GCC_WARN_ABOUT_RETURN_TYPE = YES_ERROR;
				GCC_WARN_UNDECLARED_SELECTOR = YES;
				GCC_WARN_UNINITIALIZED_AUTOS = YES_AGGRESSIVE;
				GCC_WARN_UNUSED_FUNCTION = YES;
				GCC_WARN_UNUSED_VARIABLE = YES;
				IPHONEOS_DEPLOYMENT_TARGET = 11.3;
				MTL_ENABLE_DEBUG_INFO = NO;
				SDKROOT = iphoneos;
				SWIFT_COMPILATION_MODE = wholemodule;
				SWIFT_OPTIMIZATION_LEVEL = "-O";
				VALIDATE_PRODUCT = YES;
			};
			name = Release;
		};
		67F917EA26275C4B0014FADA /* Debug */ = {
			isa = XCBuildConfiguration;
			buildSettings = {
				ASSETCATALOG_COMPILER_APPICON_NAME = AppIcon;
				CODE_SIGN_STYLE = Automatic;
				DEVELOPMENT_TEAM = K77V59L65H;
				INFOPLIST_FILE = FinalProject/Info.plist;
				LD_RUNPATH_SEARCH_PATHS = (
					"$(inherited)",
					"@executable_path/Frameworks",
				);
				PRODUCT_BUNDLE_IDENTIFIER = CPSC5333.FinalProject;
				PRODUCT_NAME = "$(TARGET_NAME)";
				SWIFT_VERSION = 4.0;
				TARGETED_DEVICE_FAMILY = "1,2";
			};
			name = Debug;
		};
		67F917EB26275C4B0014FADA /* Release */ = {
			isa = XCBuildConfiguration;
			buildSettings = {
				ASSETCATALOG_COMPILER_APPICON_NAME = AppIcon;
				CODE_SIGN_STYLE = Automatic;
				DEVELOPMENT_TEAM = K77V59L65H;
				INFOPLIST_FILE = FinalProject/Info.plist;
				LD_RUNPATH_SEARCH_PATHS = (
					"$(inherited)",
					"@executable_path/Frameworks",
				);
				PRODUCT_BUNDLE_IDENTIFIER = CPSC5333.FinalProject;
				PRODUCT_NAME = "$(TARGET_NAME)";
				SWIFT_VERSION = 4.0;
				TARGETED_DEVICE_FAMILY = "1,2";
			};
			name = Release;
		};
/* End XCBuildConfiguration section */

/* Begin XCConfigurationList section */
		67F917D226275C480014FADA /* Build configuration list for PBXProject "FinalProject" */ = {
			isa = XCConfigurationList;
			buildConfigurations = (
				67F917E726275C4B0014FADA /* Debug */,
				67F917E826275C4B0014FADA /* Release */,
			);
			defaultConfigurationIsVisible = 0;
			defaultConfigurationName = Release;
		};
		67F917E926275C4B0014FADA /* Build configuration list for PBXNativeTarget "FinalProject" */ = {
			isa = XCConfigurationList;
			buildConfigurations = (
				67F917EA26275C4B0014FADA /* Debug */,
				67F917EB26275C4B0014FADA /* Release */,
			);
			defaultConfigurationIsVisible = 0;
			defaultConfigurationName = Release;
		};
/* End XCConfigurationList section */
	};
	rootObject = 67F917CF26275C480014FADA /* Project object */;
}
